
Microsoft Visual Studio Solution File, Format Version 12.00
# Visual Studio 15
VisualStudioVersion = 15.0.27130.2024
MinimumVisualStudioVersion = 10.0.40219.1
Project("{888888A0-9F3D-457C-B088-3A5042F75D52}") = "EPR6", "EPR6.pyproj", "{98F60B90-656B-454B-87E0-A4DFF16C5130}"
EndProject
Global
	GlobalSection(SolutionConfigurationPlatforms) = preSolution
		Debug|Any CPU = Debug|Any CPU
		Release|Any CPU = Release|Any CPU
	EndGlobalSection
	GlobalSection(ProjectConfigurationPlatforms) = postSolution
		{98F60B90-656B-454B-87E0-A4DFF16C5130}.Debug|Any CPU.ActiveCfg = Debug|Any CPU
		{98F60B90-656B-454B-87E0-A4DFF16C5130}.Release|Any CPU.ActiveCfg = Release|Any CPU
	EndGlobalSection
	GlobalSection(SolutionProperties) = preSolution
		HideSolutionNode = FALSE
	EndGlobalSection
	GlobalSection(ExtensibilityGlobals) = postSolution
		SolutionGuid = {F7550168-7E34-4D01-AB1A-4C25ED0FC0C4}
	EndGlobalSection
EndGlobal
